// !$*UTF8*$!
{
	archiveVersion = 1;
	classes = {
	};
	objectVersion = 77;
	objects = {

/* Begin PBXContainerItemProxy section */
		3E12C2742E97AB6C0010A77D /* PBXContainerItemProxy */ = {
			isa = PBXContainerItemProxy;
			containerPortal = 3E12C2552E97AB6A0010A77D /* Project object */;
			proxyType = 1;
			remoteGlobalIDString = 3E12C25C2E97AB6A0010A77D;
			remoteInfo = JSON_oct8II;
		};
		3E12C27E2E97AB6C0010A77D /* PBXContainerItemProxy */ = {
			isa = PBXContainerItemProxy;
			containerPortal = 3E12C2552E97AB6A0010A77D /* Project object */;
			proxyType = 1;
			remoteGlobalIDString = 3E12C25C2E97AB6A0010A77D;
			remoteInfo = JSON_oct8II;
		};
/* End PBXContainerItemProxy section */

/* Begin PBXFileReference section */
		3E12C25D2E97AB6A0010A77D /* JSON_oct8II.app */ = {isa = PBXFileReference; explicitFileType = wrapper.application; includeInIndex = 0; path = JSON_oct8II.app; sourceTree = BUILT_PRODUCTS_DIR; };
		3E12C2732E97AB6C0010A77D /* JSON_oct8IITests.xctest */ = {isa = PBXFileReference; explicitFileType = wrapper.cfbundle; includeInIndex = 0; path = JSON_oct8IITests.xctest; sourceTree = BUILT_PRODUCTS_DIR; };
		3E12C27D2E97AB6C0010A77D /* JSON_oct8IIUITests.xctest */ = {isa = PBXFileReference; explicitFileType = wrapper.cfbundle; includeInIndex = 0; path = JSON_oct8IIUITests.xctest; sourceTree = BUILT_PRODUCTS_DIR; };
/* End PBXFileReference section */

/* Begin PBXFileSystemSynchronizedBuildFileExceptionSet section */
		3E12C2852E97AB6C0010A77D /* Exceptions for "JSON_oct8II" folder in "JSON_oct8II" target */ = {
			isa = PBXFileSystemSynchronizedBuildFileExceptionSet;
			membershipExceptions = (
				Info.plist,
			);
			target = 3E12C25C2E97AB6A0010A77D /* JSON_oct8II */;
		};
/* End PBXFileSystemSynchronizedBuildFileExceptionSet section */

/* Begin PBXFileSystemSynchronizedRootGroup section */
		3E12C25F2E97AB6A0010A77D /* JSON_oct8II */ = {
			isa = PBXFileSystemSynchronizedRootGroup;
			exceptions = (
				3E12C2852E97AB6C0010A77D /* Exceptions for "JSON_oct8II" folder in "JSON_oct8II" target */,
			);
			path = JSON_oct8II;
			sourceTree = "<group>";
		};
		3E12C2762E97AB6C0010A77D /* JSON_oct8IITests */ = {
			isa = PBXFileSystemSynchronizedRootGroup;
			path = JSON_oct8IITests;
			sourceTree = "<group>";
		};
		3E12C2802E97AB6C0010A77D /* JSON_oct8IIUITests */ = {
			isa = PBXFileSystemSynchronizedRootGroup;
			path = JSON_oct8IIUITests;
			sourceTree = "<group>";
		};
/* End PBXFileSystemSynchronizedRootGroup section */

/* Begin PBXFrameworksBuildPhase section */
		3E12C25A2E97AB6A0010A77D /* Frameworks */ = {
			isa = PBXFrameworksBuildPhase;
			buildActionMask = 2147483647;
			files = (
			);
			runOnlyForDeploymentPostprocessing = 0;
		};
		3E12C2702E97AB6C0010A77D /* Frameworks */ = {
			isa = PBXFrameworksBuildPhase;
			buildActionMask = 2147483647;
			files = (
			);
			runOnlyForDeploymentPostprocessing = 0;
		};
		3E12C27A2E97AB6C0010A77D /* Frameworks */ = {
			isa = PBXFrameworksBuildPhase;
			buildActionMask = 2147483647;
			files = (
			);
			runOnlyForDeploymentPostprocessing = 0;
		};
/* End PBXFrameworksBuildPhase section */

/* Begin PBXGroup section */
		3E12C2542E97AB6A0010A77D = {
			isa = PBXGroup;
			children = (
				3E12C25F2E97AB6A0010A77D /* JSON_oct8II */,
				3E12C2762E97AB6C0010A77D /* JSON_oct8IITests */,
				3E12C2802E97AB6C0010A77D /* JSON_oct8IIUITests */,
				3E12C25E2E97AB6A0010A77D /* Products */,
			);
			sourceTree = "<group>";
		};
		3E12C25E2E97AB6A0010A77D /* Products */ = {
			isa = PBXGroup;
			children = (
				3E12C25D2E97AB6A0010A77D /* JSON_oct8II.app */,
				3E12C2732E97AB6C0010A77D /* JSON_oct8IITests.xctest */,
				3E12C27D2E97AB6C0010A77D /* JSON_oct8IIUITests.xctest */,
			);
			name = Products;
			sourceTree = "<group>";
		};
/* End PBXGroup section */

/* Begin PBXNativeTarget section */
		3E12C25C2E97AB6A0010A77D /* JSON_oct8II */ = {
			isa = PBXNativeTarget;
			buildConfigurationList = 3E12C2862E97AB6C0010A77D /* Build configuration list for PBXNativeTarget "JSON_oct8II" */;
			buildPhases = (
				3E12C2592E97AB6A0010A77D /* Sources */,
				3E12C25A2E97AB6A0010A77D /* Frameworks */,
				3E12C25B2E97AB6A0010A77D /* Resources */,
			);
			buildRules = (
			);
			dependencies = (
			);
			fileSystemSynchronizedGroups = (
				3E12C25F2E97AB6A0010A77D /* JSON_oct8II */,
			);
			name = JSON_oct8II;
			packageProductDependencies = (
			);
			productName = JSON_oct8II;
			productReference = 3E12C25D2E97AB6A0010A77D /* JSON_oct8II.app */;
			productType = "com.apple.product-type.application";
		};
		3E12C2722E97AB6C0010A77D /* JSON_oct8IITests */ = {
			isa = PBXNativeTarget;
			buildConfigurationList = 3E12C28B2E97AB6C0010A77D /* Build configuration list for PBXNativeTarget "JSON_oct8IITests" */;
			buildPhases = (
				3E12C26F2E97AB6C0010A77D /* Sources */,
				3E12C2702E97AB6C0010A77D /* Frameworks */,
				3E12C2712E97AB6C0010A77D /* Resources */,
			);
			buildRules = (
			);
			dependencies = (
				3E12C2752E97AB6C0010A77D /* PBXTargetDependency */,
			);
			fileSystemSynchronizedGroups = (
				3E12C2762E97AB6C0010A77D /* JSON_oct8IITests */,
			);
			name = JSON_oct8IITests;
			packageProductDependencies = (
			);
			productName = JSON_oct8IITests;
			productReference = 3E12C2732E97AB6C0010A77D /* JSON_oct8IITests.xctest */;
			productType = "com.apple.product-type.bundle.unit-test";
		};
		3E12C27C2E97AB6C0010A77D /* JSON_oct8IIUITests */ = {
			isa = PBXNativeTarget;
			buildConfigurationList = 3E12C28E2E97AB6C0010A77D /* Build configuration list for PBXNativeTarget "JSON_oct8IIUITests" */;
			buildPhases = (
				3E12C2792E97AB6C0010A77D /* Sources */,
				3E12C27A2E97AB6C0010A77D /* Frameworks */,
				3E12C27B2E97AB6C0010A77D /* Resources */,
			);
			buildRules = (
			);
			dependencies = (
				3E12C27F2E97AB6C0010A77D /* PBXTargetDependency */,
			);
			fileSystemSynchronizedGroups = (
				3E12C2802E97AB6C0010A77D /* JSON_oct8IIUITests */,
			);
			name = JSON_oct8IIUITests;
			packageProductDependencies = (
			);
			productName = JSON_oct8IIUITests;
			productReference = 3E12C27D2E97AB6C0010A77D /* JSON_oct8IIUITests.xctest */;
			productType = "com.apple.product-type.bundle.ui-testing";
		};
/* End PBXNativeTarget section */

/* Begin PBXProject section */
		3E12C2552E97AB6A0010A77D /* Project object */ = {
			isa = PBXProject;
			attributes = {
				BuildIndependentTargetsInParallel = 1;
				LastSwiftUpdateCheck = 1640;
				LastUpgradeCheck = 1640;
				TargetAttributes = {
					3E12C25C2E97AB6A0010A77D = {
						CreatedOnToolsVersion = 16.4;
					};
					3E12C2722E97AB6C0010A77D = {
						CreatedOnToolsVersion = 16.4;
						TestTargetID = 3E12C25C2E97AB6A0010A77D;
					};
					3E12C27C2E97AB6C0010A77D = {
						CreatedOnToolsVersion = 16.4;
						TestTargetID = 3E12C25C2E97AB6A0010A77D;
					};
				};
			};
			buildConfigurationList = 3E12C2582E97AB6A0010A77D /* Build configuration list for PBXProject "JSON_oct8II" */;
			developmentRegion = en;
			hasScannedForEncodings = 0;
			knownRegions = (
				en,
				Base,
			);
			mainGroup = 3E12C2542E97AB6A0010A77D;
			minimizedProjectReferenceProxies = 1;
			preferredProjectObjectVersion = 77;
			productRefGroup = 3E12C25E2E97AB6A0010A77D /* Products */;
			projectDirPath = "";
			projectRoot = "";
			targets = (
				3E12C25C2E97AB6A0010A77D /* JSON_oct8II */,
				3E12C2722E97AB6C0010A77D /* JSON_oct8IITests */,
				3E12C27C2E97AB6C0010A77D /* JSON_oct8IIUITests */,
			);
		};
/* End PBXProject section */

/* Begin PBXResourcesBuildPhase section */
		3E12C25B2E97AB6A0010A77D /* Resources */ = {
			isa = PBXResourcesBuildPhase;
			buildActionMask = 2147483647;
			files = (
			);
			runOnlyForDeploymentPostprocessing = 0;
		};
		3E12C2712E97AB6C0010A77D /* Resources */ = {
			isa = PBXResourcesBuildPhase;
			buildActionMask = 2147483647;
			files = (
			);
			runOnlyForDeploymentPostprocessing = 0;
		};
		3E12C27B2E97AB6C0010A77D /* Resources */ = {
			isa = PBXResourcesBuildPhase;
			buildActionMask = 2147483647;
			files = (
			);
			runOnlyForDeploymentPostprocessing = 0;
		};
/* End PBXResourcesBuildPhase section */

/* Begin PBXSourcesBuildPhase section */
		3E12C2592E97AB6A0010A77D /* Sources */ = {
			isa = PBXSourcesBuildPhase;
			buildActionMask = 2147483647;
			files = (
			);
			runOnlyForDeploymentPostprocessing = 0;
		};
		3E12C26F2E97AB6C0010A77D /* Sources */ = {
			isa = PBXSourcesBuildPhase;
			buildActionMask = 2147483647;
			files = (
			);
			runOnlyForDeploymentPostprocessing = 0;
		};
		3E12C2792E97AB6C0010A77D /* Sources */ = {
			isa = PBXSourcesBuildPhase;
			buildActionMask = 2147483647;
			files = (
			);
			runOnlyForDeploymentPostprocessing = 0;
		};
/* End PBXSourcesBuildPhase section */

/* Begin PBXTargetDependency section */
		3E12C2752E97AB6C0010A77D /* PBXTargetDependency */ = {
			isa = PBXTargetDependency;
			target = 3E12C25C2E97AB6A0010A77D /* JSON_oct8II */;
			targetProxy = 3E12C2742E97AB6C0010A77D /* PBXContainerItemProxy */;
		};
		3E12C27F2E97AB6C0010A77D /* PBXTargetDependency */ = {
			isa = PBXTargetDependency;
			target = 3E12C25C2E97AB6A0010A77D /* JSON_oct8II */;
			targetProxy = 3E12C27E2E97AB6C0010A77D /* PBXContainerItemProxy */;
		};
/* End PBXTargetDependency section */

/* Begin XCBuildConfiguration section */
		3E12C2872E97AB6C0010A77D /* Debug */ = {
			isa = XCBuildConfiguration;
			buildSettings = {
				ASSETCATALOG_COMPILER_APPICON_NAME = AppIcon;
				ASSETCATALOG_COMPILER_GLOBAL_ACCENT_COLOR_NAME = AccentColor;
				CODE_SIGN_STYLE = Automatic;
				CURRENT_PROJECT_VERSION = 1;
				GENERATE_INFOPLIST_FILE = YES;
				INFOPLIST_FILE = JSON_oct8II/Info.plist;
				INFOPLIST_KEY_UIApplicationSupportsIndirectInputEvents = YES;
				INFOPLIST_KEY_UILaunchStoryboardName = LaunchScreen;
				INFOPLIST_KEY_UIMainStoryboardFile = Main;
				INFOPLIST_KEY_UISupportedInterfaceOrientations_iPad = "UIInterfaceOrientationPortrait UIInterfaceOrientationPortraitUpsideDown UIInterfaceOrientationLandscapeLeft UIInterfaceOrientationLandscapeRight";
				INFOPLIST_KEY_UISupportedInterfaceOrientations_iPhone = "UIInterfaceOrientationPortrait UIInterfaceOrientationLandscapeLeft UIInterfaceOrientationLandscapeRight";
				LD_RUNPATH_SEARCH_PATHS = (
					"$(inherited)",
					"@executable_path/Frameworks",
				);
				MARKETING_VERSION = 1.0;
				PRODUCT_BUNDLE_IDENTIFIER = "com.koushik.practice.JSON-oct8II";
				PRODUCT_NAME = "$(TARGET_NAME)";
				SWIFT_EMIT_LOC_STRINGS = YES;
				SWIFT_VERSION = 5.0;
				TARGETED_DEVICE_FAMILY = "1,2";
			};
			name = Debug;
		};
		3E12C2882E97AB6C0010A77D /* Release */ = {
			isa = XCBuildConfiguration;
			buildSettings = {
				ASSETCATALOG_COMPILER_APPICON_NAME = AppIcon;
				ASSETCATALOG_COMPILER_GLOBAL_ACCENT_COLOR_NAME = AccentColor;
				CODE_SIGN_STYLE = Automatic;
				CURRENT_PROJECT_VERSION = 1;
				GENERATE_INFOPLIST_FILE = YES;
				INFOPLIST_FILE = JSON_oct8II/Info.plist;
				INFOPLIST_KEY_UIApplicationSupportsIndirectInputEvents = YES;
				INFOPLIST_KEY_UILaunchStoryboardName = LaunchScreen;
				INFOPLIST_KEY_UIMainStoryboardFile = Main;
				INFOPLIST_KEY_UISupportedInterfaceOrientations_iPad = "UIInterfaceOrientationPortrait UIInterfaceOrientationPortraitUpsideDown UIInterfaceOrientationLandscapeLeft UIInterfaceOrientationLandscapeRight";
				INFOPLIST_KEY_UISupportedInterfaceOrientations_iPhone = "UIInterfaceOrientationPortrait UIInterfaceOrientationLandscapeLeft UIInterfaceOrientationLandscapeRight";
				LD_RUNPATH_SEARCH_PATHS = (
					"$(inherited)",
					"@executable_path/Frameworks",
				);
				MARKETING_VERSION = 1.0;
				PRODUCT_BUNDLE_IDENTIFIER = "com.koushik.practice.JSON-oct8II";
				PRODUCT_NAME = "$(TARGET_NAME)";
				SWIFT_EMIT_LOC_STRINGS = YES;
				SWIFT_VERSION = 5.0;
				TARGETED_DEVICE_FAMILY = "1,2";
			};
			name = Release;
		};
		3E12C2892E97AB6C0010A77D /* Debug */ = {
			isa = XCBuildConfiguration;
			buildSettings = {
				ALWAYS_SEARCH_USER_PATHS = NO;
				ASSETCATALOG_COMPILER_GENERATE_SWIFT_ASSET_SYMBOL_EXTENSIONS = YES;
				CLANG_ANALYZER_NONNULL = YES;
				CLANG_ANALYZER_NUMBER_OBJECT_CONVERSION = YES_AGGRESSIVE;
				CLANG_CXX_LANGUAGE_STANDARD = "gnu++20";
				CLANG_ENABLE_MODULES = YES;
				CLANG_ENABLE_OBJC_ARC = YES;
				CLANG_ENABLE_OBJC_WEAK = YES;
				CLANG_WARN_BLOCK_CAPTURE_AUTORELEASING = YES;
				CLANG_WARN_BOOL_CONVERSION = YES;
				CLANG_WARN_COMMA = YES;
				CLANG_WARN_CONSTANT_CONVERSION = YES;
				CLANG_WARN_DEPRECATED_OBJC_IMPLEMENTATIONS = YES;
				CLANG_WARN_DIRECT_OBJC_ISA_USAGE = YES_ERROR;
				CLANG_WARN_DOCUMENTATION_COMMENTS = YES;
				CLANG_WARN_EMPTY_BODY = YES;
				CLANG_WARN_ENUM_CONVERSION = YES;
				CLANG_WARN_INFINITE_RECURSION = YES;
				CLANG_WARN_INT_CONVERSION = YES;
				CLANG_WARN_NON_LITERAL_NULL_CONVERSION = YES;
				CLANG_WARN_OBJC_IMPLICIT_RETAIN_SELF = YES;
				CLANG_WARN_OBJC_LITERAL_CONVERSION = YES;
				CLANG_WARN_OBJC_ROOT_CLASS = YES_ERROR;
				CLANG_WARN_QUOTED_INCLUDE_IN_FRAMEWORK_HEADER = YES;
				CLANG_WARN_RANGE_LOOP_ANALYSIS = YES;
				CLANG_WARN_STRICT_PROTOTYPES = YES;
				CLANG_WARN_SUSPICIOUS_MOVE = YES;
				CLANG_WARN_UNGUARDED_AVAILABILITY = YES_AGGRESSIVE;
				CLANG_WARN_UNREACHABLE_CODE = YES;
				CLANG_WARN__DUPLICATE_METHOD_MATCH = YES;
				COPY_PHASE_STRIP = NO;
				DEBUG_INFORMATION_FORMAT = dwarf;
				ENABLE_STRICT_OBJC_MSGSEND = YES;
				ENABLE_TESTABILITY = YES;
				ENABLE_USER_SCRIPT_SANDBOXING = YES;
				GCC_C_LANGUAGE_STANDARD = gnu17;
				GCC_DYNAMIC_NO_PIC = NO;
				GCC_NO_COMMON_BLOCKS = YES;
				GCC_OPTIMIZATION_LEVEL = 0;
				GCC_PREPROCESSOR_DEFINITIONS = (
					"DEBUG=1",
					"$(inherited)",
				);
				GCC_WARN_64_TO_32_BIT_CONVERSION = YES;
				GCC_WARN_ABOUT_RETURN_TYPE = YES_ERROR;
				GCC_WARN_UNDECLARED_SELECTOR = YES;
				GCC_WARN_UNINITIALIZED_AUTOS = YES_AGGRESSIVE;
				GCC_WARN_UNUSED_FUNCTION = YES;
				GCC_WARN_UNUSED_VARIABLE = YES;
				IPHONEOS_DEPLOYMENT_TARGET = 18.5;
				LOCALIZATION_PREFERS_STRING_CATALOGS = YES;
				MTL_ENABLE_DEBUG_INFO = INCLUDE_SOURCE;
				MTL_FAST_MATH = YES;
				ONLY_ACTIVE_ARCH = YES;
				SDKROOT = iphoneos;
				SWIFT_ACTIVE_COMPILATION_CONDITIONS = "DEBUG $(inherited)";
				SWIFT_OPTIMIZATION_LEVEL = "-Onone";
			};
			name = Debug;
		};
		3E12C28A2E97AB6C0010A77D /* Release */ = {
			isa = XCBuildConfiguration;
			buildSettings = {
				ALWAYS_SEARCH_USER_PATHS = NO;
				ASSETCATALOG_COMPILER_GENERATE_SWIFT_ASSET_SYMBOL_EXTENSIONS = YES;
				CLANG_ANALYZER_NONNULL = YES;
				CLANG_ANALYZER_NUMBER_OBJECT_CONVERSION = YES_AGGRESSIVE;
				CLANG_CXX_LANGUAGE_STANDARD = "gnu++20";
				CLANG_ENABLE_MODULES = YES;
				CLANG_ENABLE_OBJC_ARC = YES;
				CLANG_ENABLE_OBJC_WEAK = YES;
				CLANG_WARN_BLOCK_CAPTURE_AUTORELEASING = YES;
				CLANG_WARN_BOOL_CONVERSION = YES;
				CLANG_WARN_COMMA = YES;
				CLANG_WARN_CONSTANT_CONVERSION = YES;
				CLANG_WARN_DEPRECATED_OBJC_IMPLEMENTATIONS = YES;
				CLANG_WARN_DIRECT_OBJC_ISA_USAGE = YES_ERROR;
				CLANG_WARN_DOCUMENTATION_COMMENTS = YES;
				CLANG_WARN_EMPTY_BODY = YES;
				CLANG_WARN_ENUM_CONVERSION = YES;
				CLANG_WARN_INFINITE_RECURSION = YES;
				CLANG_WARN_INT_CONVERSION = YES;
				CLANG_WARN_NON_LITERAL_NULL_CONVERSION = YES;
				CLANG_WARN_OBJC_IMPLICIT_RETAIN_SELF = YES;
				CLANG_WARN_OBJC_LITERAL_CONVERSION = YES;
				CLANG_WARN_OBJC_ROOT_CLASS = YES_ERROR;
				CLANG_WARN_QUOTED_INCLUDE_IN_FRAMEWORK_HEADER = YES;
				CLANG_WARN_RANGE_LOOP_ANALYSIS = YES;
				CLANG_WARN_STRICT_PROTOTYPES = YES;
				CLANG_WARN_SUSPICIOUS_MOVE = YES;
				CLANG_WARN_UNGUARDED_AVAILABILITY = YES_AGGRESSIVE;
				CLANG_WARN_UNREACHABLE_CODE = YES;
				CLANG_WARN__DUPLICATE_METHOD_MATCH = YES;
				COPY_PHASE_STRIP = NO;
				DEBUG_INFORMATION_FORMAT = "dwarf-with-dsym";
				ENABLE_NS_ASSERTIONS = NO;
				ENABLE_STRICT_OBJC_MSGSEND = YES;
				ENABLE_USER_SCRIPT_SANDBOXING = YES;
				GCC_C_LANGUAGE_STANDARD = gnu17;
				GCC_NO_COMMON_BLOCKS = YES;
				GCC_WARN_64_TO_32_BIT_CONVERSION = YES;
				GCC_WARN_ABOUT_RETURN_TYPE = YES_ERROR;
				GCC_WARN_UNDECLARED_SELECTOR = YES;
				GCC_WARN_UNINITIALIZED_AUTOS = YES_AGGRESSIVE;
				GCC_WARN_UNUSED_FUNCTION = YES;
				GCC_WARN_UNUSED_VARIABLE = YES;
				IPHONEOS_DEPLOYMENT_TARGET = 18.5;
				LOCALIZATION_PREFERS_STRING_CATALOGS = YES;
				MTL_ENABLE_DEBUG_INFO = NO;
				MTL_FAST_MATH = YES;
				SDKROOT = iphoneos;
				SWIFT_COMPILATION_MODE = wholemodule;
				VALIDATE_PRODUCT = YES;
			};
			name = Release;
		};
		3E12C28C2E97AB6C0010A77D /* Debug */ = {
			isa = XCBuildConfiguration;
			buildSettings = {
				BUNDLE_LOADER = "$(TEST_HOST)";
				CODE_SIGN_STYLE = Automatic;
				CURRENT_PROJECT_VERSION = 1;
				GENERATE_INFOPLIST_FILE = YES;
				IPHONEOS_DEPLOYMENT_TARGET = 18.5;
				MARKETING_VERSION = 1.0;
				PRODUCT_BUNDLE_IDENTIFIER = "com.koushik.practice.JSON-oct8IITests";
				PRODUCT_NAME = "$(TARGET_NAME)";
				SWIFT_EMIT_LOC_STRINGS = NO;
				SWIFT_VERSION = 5.0;
				TARGETED_DEVICE_FAMILY = "1,2";
				TEST_HOST = "$(BUILT_PRODUCTS_DIR)/JSON_oct8II.app/$(BUNDLE_EXECUTABLE_FOLDER_PATH)/JSON_oct8II";
			};
			name = Debug;
		};
		3E12C28D2E97AB6C0010A77D /* Release */ = {
			isa = XCBuildConfiguration;
			buildSettings = {
				BUNDLE_LOADER = "$(TEST_HOST)";
				CODE_SIGN_STYLE = Automatic;
				CURRENT_PROJECT_VERSION = 1;
				GENERATE_INFOPLIST_FILE = YES;
				IPHONEOS_DEPLOYMENT_TARGET = 18.5;
				MARKETING_VERSION = 1.0;
				PRODUCT_BUNDLE_IDENTIFIER = "com.koushik.practice.JSON-oct8IITests";
				PRODUCT_NAME = "$(TARGET_NAME)";
				SWIFT_EMIT_LOC_STRINGS = NO;
				SWIFT_VERSION = 5.0;
				TARGETED_DEVICE_FAMILY = "1,2";
				TEST_HOST = "$(BUILT_PRODUCTS_DIR)/JSON_oct8II.app/$(BUNDLE_EXECUTABLE_FOLDER_PATH)/JSON_oct8II";
			};
			name = Release;
		};
		3E12C28F2E97AB6C0010A77D /* Debug */ = {
			isa = XCBuildConfiguration;
			buildSettings = {
				CODE_SIGN_STYLE = Automatic;
				CURRENT_PROJECT_VERSION = 1;
				GENERATE_INFOPLIST_FILE = YES;
				MARKETING_VERSION = 1.0;
				PRODUCT_BUNDLE_IDENTIFIER = "com.koushik.practice.JSON-oct8IIUITests";
				PRODUCT_NAME = "$(TARGET_NAME)";
				SWIFT_EMIT_LOC_STRINGS = NO;
				SWIFT_VERSION = 5.0;
				TARGETED_DEVICE_FAMILY = "1,2";
				TEST_TARGET_NAME = JSON_oct8II;
			};
			name = Debug;
		};
		3E12C2902E97AB6C0010A77D /* Release */ = {
			isa = XCBuildConfiguration;
			buildSettings = {
				CODE_SIGN_STYLE = Automatic;
				CURRENT_PROJECT_VERSION = 1;
				GENERATE_INFOPLIST_FILE = YES;
				MARKETING_VERSION = 1.0;
				PRODUCT_BUNDLE_IDENTIFIER = "com.koushik.practice.JSON-oct8IIUITests";
				PRODUCT_NAME = "$(TARGET_NAME)";
				SWIFT_EMIT_LOC_STRINGS = NO;
				SWIFT_VERSION = 5.0;
				TARGETED_DEVICE_FAMILY = "1,2";
				TEST_TARGET_NAME = JSON_oct8II;
			};
			name = Release;
		};
/* End XCBuildConfiguration section */

/* Begin XCConfigurationList section */
		3E12C2582E97AB6A0010A77D /* Build configuration list for PBXProject "JSON_oct8II" */ = {
			isa = XCConfigurationList;
			buildConfigurations = (
				3E12C2892E97AB6C0010A77D /* Debug */,
				3E12C28A2E97AB6C0010A77D /* Release */,
			);
			defaultConfigurationIsVisible = 0;
			defaultConfigurationName = Release;
		};
		3E12C2862E97AB6C0010A77D /* Build configuration list for PBXNativeTarget "JSON_oct8II" */ = {
			isa = XCConfigurationList;
			buildConfigurations = (
				3E12C2872E97AB6C0010A77D /* Debug */,
				3E12C2882E97AB6C0010A77D /* Release */,
			);
			defaultConfigurationIsVisible = 0;
			defaultConfigurationName = Release;
		};
		3E12C28B2E97AB6C0010A77D /* Build configuration list for PBXNativeTarget "JSON_oct8IITests" */ = {
			isa = XCConfigurationList;
			buildConfigurations = (
				3E12C28C2E97AB6C0010A77D /* Debug */,
				3E12C28D2E97AB6C0010A77D /* Release */,
			);
			defaultConfigurationIsVisible = 0;
			defaultConfigurationName = Release;
		};
		3E12C28E2E97AB6C0010A77D /* Build configuration list for PBXNativeTarget "JSON_oct8IIUITests" */ = {
			isa = XCConfigurationList;
			buildConfigurations = (
				3E12C28F2E97AB6C0010A77D /* Debug */,
				3E12C2902E97AB6C0010A77D /* Release */,
			);
			defaultConfigurationIsVisible = 0;
			defaultConfigurationName = Release;
		};
/* End XCConfigurationList section */
	};
	rootObject = 3E12C2552E97AB6A0010A77D /* Project object */;
}
